// !$*UTF8*$!
{
	archiveVersion = 1;
	classes = {
	};
	objectVersion = 46;
	objects = {

/* Begin PBXBuildFile section */
		C9CB2764144CD00A00AFFAB1 /* UIKit.framework in Frameworks */ = {isa = PBXBuildFile; fileRef = C9CB2763144CD00A00AFFAB1 /* UIKit.framework */; };
		C9CB2766144CD00A00AFFAB1 /* Foundation.framework in Frameworks */ = {isa = PBXBuildFile; fileRef = C9CB2765144CD00A00AFFAB1 /* Foundation.framework */; };
		C9CB2768144CD00A00AFFAB1 /* CoreGraphics.framework in Frameworks */ = {isa = PBXBuildFile; fileRef = C9CB2767144CD00A00AFFAB1 /* CoreGraphics.framework */; };
		C9CB276E144CD00A00AFFAB1 /* InfoPlist.strings in Resources */ = {isa = PBXBuildFile; fileRef = C9CB276C144CD00A00AFFAB1 /* InfoPlist.strings */; };
		C9CB2770144CD00A00AFFAB1 /* main.m in Sources */ = {isa = PBXBuildFile; fileRef = C9CB276F144CD00A00AFFAB1 /* main.m */; };
		C9CB2774144CD00A00AFFAB1 /* GitHubTestAppDelegate.m in Sources */ = {isa = PBXBuildFile; fileRef = C9CB2773144CD00A00AFFAB1 /* GitHubTestAppDelegate.m */; };
		C9CB2777144CD00B00AFFAB1 /* MainWindow.xib in Resources */ = {isa = PBXBuildFile; fileRef = C9CB2775144CD00B00AFFAB1 /* MainWindow.xib */; };
		C9CB277A144CD00B00AFFAB1 /* GitHubTestViewController.m in Sources */ = {isa = PBXBuildFile; fileRef = C9CB2779144CD00B00AFFAB1 /* GitHubTestViewController.m */; };
		C9CB277D144CD00B00AFFAB1 /* GitHubTestViewController.xib in Resources */ = {isa = PBXBuildFile; fileRef = C9CB277B144CD00B00AFFAB1 /* GitHubTestViewController.xib */; };
/* End PBXBuildFile section */

/* Begin PBXFileReference section */
		C9CB275F144CD00A00AFFAB1 /* GitHubTest.app */ = {isa = PBXFileReference; explicitFileType = wrapper.application; includeInIndex = 0; path = GitHubTest.app; sourceTree = BUILT_PRODUCTS_DIR; };
		C9CB2763144CD00A00AFFAB1 /* UIKit.framework */ = {isa = PBXFileReference; lastKnownFileType = wrapper.framework; name = UIKit.framework; path = System/Library/Frameworks/UIKit.framework; sourceTree = SDKROOT; };
		C9CB2765144CD00A00AFFAB1 /* Foundation.framework */ = {isa = PBXFileReference; lastKnownFileType = wrapper.framework; name = Foundation.framework; path = System/Library/Frameworks/Foundation.framework; sourceTree = SDKROOT; };
		C9CB2767144CD00A00AFFAB1 /* CoreGraphics.framework */ = {isa = PBXFileReference; lastKnownFileType = wrapper.framework; name = CoreGraphics.framework; path = System/Library/Frameworks/CoreGraphics.framework; sourceTree = SDKROOT; };
		C9CB276B144CD00A00AFFAB1 /* GitHubTest-Info.plist */ = {isa = PBXFileReference; lastKnownFileType = text.plist.xml; path = "GitHubTest-Info.plist"; sourceTree = "<group>"; };
		C9CB276D144CD00A00AFFAB1 /* en */ = {isa = PBXFileReference; lastKnownFileType = text.plist.strings; name = en; path = en.lproj/InfoPlist.strings; sourceTree = "<group>"; };
		C9CB276F144CD00A00AFFAB1 /* main.m */ = {isa = PBXFileReference; lastKnownFileType = sourcecode.c.objc; path = main.m; sourceTree = "<group>"; };
		C9CB2771144CD00A00AFFAB1 /* GitHubTest-Prefix.pch */ = {isa = PBXFileReference; lastKnownFileType = sourcecode.c.h; path = "GitHubTest-Prefix.pch"; sourceTree = "<group>"; };
		C9CB2772144CD00A00AFFAB1 /* GitHubTestAppDelegate.h */ = {isa = PBXFileReference; lastKnownFileType = sourcecode.c.h; path = GitHubTestAppDelegate.h; sourceTree = "<group>"; };
		C9CB2773144CD00A00AFFAB1 /* GitHubTestAppDelegate.m */ = {isa = PBXFileReference; lastKnownFileType = sourcecode.c.objc; path = GitHubTestAppDelegate.m; sourceTree = "<group>"; };
		C9CB2776144CD00B00AFFAB1 /* en */ = {isa = PBXFileReference; lastKnownFileType = file.xib; name = en; path = en.lproj/MainWindow.xib; sourceTree = "<group>"; };
		C9CB2778144CD00B00AFFAB1 /* GitHubTestViewController.h */ = {isa = PBXFileReference; lastKnownFileType = sourcecode.c.h; path = GitHubTestViewController.h; sourceTree = "<group>"; };
		C9CB2779144CD00B00AFFAB1 /* GitHubTestViewController.m */ = {isa = PBXFileReference; lastKnownFileType = sourcecode.c.objc; path = GitHubTestViewController.m; sourceTree = "<group>"; };
		C9CB277C144CD00B00AFFAB1 /* en */ = {isa = PBXFileReference; lastKnownFileType = file.xib; name = en; path = en.lproj/GitHubTestViewController.xib; sourceTree = "<group>"; };
/* End PBXFileReference section */

/* Begin PBXFrameworksBuildPhase section */
		C9CB275C144CD00A00AFFAB1 /* Frameworks */ = {
			isa = PBXFrameworksBuildPhase;
			buildActionMask = 2147483647;
			files = (
				C9CB2764144CD00A00AFFAB1 /* UIKit.framework in Frameworks */,
				C9CB2766144CD00A00AFFAB1 /* Foundation.framework in Frameworks */,
				C9CB2768144CD00A00AFFAB1 /* CoreGraphics.framework in Frameworks */,
			);
			runOnlyForDeploymentPostprocessing = 0;
		};
/* End PBXFrameworksBuildPhase section */

/* Begin PBXGroup section */
		C9CB2754144CD00A00AFFAB1 = {
			isa = PBXGroup;
			children = (
				C9CB2769144CD00A00AFFAB1 /* GitHubTest */,
				C9CB2762144CD00A00AFFAB1 /* Frameworks */,
				C9CB2760144CD00A00AFFAB1 /* Products */,
			);
			sourceTree = "<group>";
		};
		C9CB2760144CD00A00AFFAB1 /* Products */ = {
			isa = PBXGroup;
			children = (
				C9CB275F144CD00A00AFFAB1 /* GitHubTest.app */,
			);
			name = Products;
			sourceTree = "<group>";
		};
		C9CB2762144CD00A00AFFAB1 /* Frameworks */ = {
			isa = PBXGroup;
			children = (
				C9CB2763144CD00A00AFFAB1 /* UIKit.framework */,
				C9CB2765144CD00A00AFFAB1 /* Foundation.framework */,
				C9CB2767144CD00A00AFFAB1 /* CoreGraphics.framework */,
			);
			name = Frameworks;
			sourceTree = "<group>";
		};
		C9CB2769144CD00A00AFFAB1 /* GitHubTest */ = {
			isa = PBXGroup;
			children = (
				C9CB2772144CD00A00AFFAB1 /* GitHubTestAppDelegate.h */,
				C9CB2773144CD00A00AFFAB1 /* GitHubTestAppDelegate.m */,
				C9CB2775144CD00B00AFFAB1 /* MainWindow.xib */,
				C9CB2778144CD00B00AFFAB1 /* GitHubTestViewController.h */,
				C9CB2779144CD00B00AFFAB1 /* GitHubTestViewController.m */,
				C9CB277B144CD00B00AFFAB1 /* GitHubTestViewController.xib */,
				C9CB276A144CD00A00AFFAB1 /* Supporting Files */,
			);
			path = GitHubTest;
			sourceTree = "<group>";
		};
		C9CB276A144CD00A00AFFAB1 /* Supporting Files */ = {
			isa = PBXGroup;
			children = (
				C9CB276B144CD00A00AFFAB1 /* GitHubTest-Info.plist */,
				C9CB276C144CD00A00AFFAB1 /* InfoPlist.strings */,
				C9CB276F144CD00A00AFFAB1 /* main.m */,
				C9CB2771144CD00A00AFFAB1 /* GitHubTest-Prefix.pch */,
			);
			name = "Supporting Files";
			sourceTree = "<group>";
		};
/* End PBXGroup section */

/* Begin PBXNativeTarget section */
		C9CB275E144CD00A00AFFAB1 /* GitHubTest */ = {
			isa = PBXNativeTarget;
			buildConfigurationList = C9CB2780144CD00B00AFFAB1 /* Build configuration list for PBXNativeTarget "GitHubTest" */;
			buildPhases = (
				C9CB275B144CD00A00AFFAB1 /* Sources */,
				C9CB275C144CD00A00AFFAB1 /* Frameworks */,
				C9CB275D144CD00A00AFFAB1 /* Resources */,
			);
			buildRules = (
			);
			dependencies = (
			);
			name = GitHubTest;
			productName = GitHubTest;
			productReference = C9CB275F144CD00A00AFFAB1 /* GitHubTest.app */;
			productType = "com.apple.product-type.application";
		};
/* End PBXNativeTarget section */

/* Begin PBXProject section */
		C9CB2756144CD00A00AFFAB1 /* Project object */ = {
			isa = PBXProject;
			attributes = {
				ORGANIZATIONNAME = None;
			};
			buildConfigurationList = C9CB2759144CD00A00AFFAB1 /* Build configuration list for PBXProject "GitHubTest" */;
			compatibilityVersion = "Xcode 3.2";
			developmentRegion = English;
			hasScannedForEncodings = 0;
			knownRegions = (
				en,
			);
			mainGroup = C9CB2754144CD00A00AFFAB1;
			productRefGroup = C9CB2760144CD00A00AFFAB1 /* Products */;
			projectDirPath = "";
			projectRoot = "";
			targets = (
				C9CB275E144CD00A00AFFAB1 /* GitHubTest */,
			);
		};
/* End PBXProject section */

/* Begin PBXResourcesBuildPhase section */
		C9CB275D144CD00A00AFFAB1 /* Resources */ = {
			isa = PBXResourcesBuildPhase;
			buildActionMask = 2147483647;
			files = (
				C9CB276E144CD00A00AFFAB1 /* InfoPlist.strings in Resources */,
				C9CB2777144CD00B00AFFAB1 /* MainWindow.xib in Resources */,
				C9CB277D144CD00B00AFFAB1 /* GitHubTestViewController.xib in Resources */,
			);
			runOnlyForDeploymentPostprocessing = 0;
		};
/* End PBXResourcesBuildPhase section */

/* Begin PBXSourcesBuildPhase section */
		C9CB275B144CD00A00AFFAB1 /* Sources */ = {
			isa = PBXSourcesBuildPhase;
			buildActionMask = 2147483647;
			files = (
				C9CB2770144CD00A00AFFAB1 /* main.m in Sources */,
				C9CB2774144CD00A00AFFAB1 /* GitHubTestAppDelegate.m in Sources */,
				C9CB277A144CD00B00AFFAB1 /* GitHubTestViewController.m in Sources */,
			);
			runOnlyForDeploymentPostprocessing = 0;
		};
/* End PBXSourcesBuildPhase section */

/* Begin PBXVariantGroup section */
		C9CB276C144CD00A00AFFAB1 /* InfoPlist.strings */ = {
			isa = PBXVariantGroup;
			children = (
				C9CB276D144CD00A00AFFAB1 /* en */,
			);
			name = InfoPlist.strings;
			sourceTree = "<group>";
		};
		C9CB2775144CD00B00AFFAB1 /* MainWindow.xib */ = {
			isa = PBXVariantGroup;
			children = (
				C9CB2776144CD00B00AFFAB1 /* en */,
			);
			name = MainWindow.xib;
			sourceTree = "<group>";
		};
		C9CB277B144CD00B00AFFAB1 /* GitHubTestViewController.xib */ = {
			isa = PBXVariantGroup;
			children = (
				C9CB277C144CD00B00AFFAB1 /* en */,
			);
			name = GitHubTestViewController.xib;
			sourceTree = "<group>";
		};
/* End PBXVariantGroup section */

/* Begin XCBuildConfiguration section */
		C9CB277E144CD00B00AFFAB1 /* Debug */ = {
			isa = XCBuildConfiguration;
			buildSettings = {
				ALWAYS_SEARCH_USER_PATHS = NO;
				ARCHS = "$(ARCHS_STANDARD_32_BIT)";
				"CODE_SIGN_IDENTITY[sdk=iphoneos*]" = "iPhone Developer";
				COPY_PHASE_STRIP = NO;
				GCC_C_LANGUAGE_STANDARD = gnu99;
				GCC_DYNAMIC_NO_PIC = NO;
				GCC_OPTIMIZATION_LEVEL = 0;
				GCC_PREPROCESSOR_DEFINITIONS = (
					"DEBUG=1",
					"$(inherited)",
				);
				GCC_SYMBOLS_PRIVATE_EXTERN = NO;
				GCC_VERSION = com.apple.compilers.llvmgcc42;
				GCC_WARN_ABOUT_MISSING_PROTOTYPES = YES;
				GCC_WARN_ABOUT_RETURN_TYPE = YES;
				GCC_WARN_UNUSED_VARIABLE = YES;
				IPHONEOS_DEPLOYMENT_TARGET = 4.3;
				SDKROOT = iphoneos;
			};
			name = Debug;
		};
		C9CB277F144CD00B00AFFAB1 /* Release */ = {
			isa = XCBuildConfiguration;
			buildSettings = {
				ALWAYS_SEARCH_USER_PATHS = NO;
				ARCHS = "$(ARCHS_STANDARD_32_BIT)";
				"CODE_SIGN_IDENTITY[sdk=iphoneos*]" = "iPhone Developer";
				COPY_PHASE_STRIP = YES;
				GCC_C_LANGUAGE_STANDARD = gnu99;
				GCC_VERSION = com.apple.compilers.llvmgcc42;
				GCC_WARN_ABOUT_MISSING_PROTOTYPES = YES;
				GCC_WARN_ABOUT_RETURN_TYPE = YES;
				GCC_WARN_UNUSED_VARIABLE = YES;
				IPHONEOS_DEPLOYMENT_TARGET = 4.3;
				OTHER_CFLAGS = "-DNS_BLOCK_ASSERTIONS=1";
				SDKROOT = iphoneos;
				VALIDATE_PRODUCT = YES;
			};
			name = Release;
		};
		C9CB2781144CD00B00AFFAB1 /* Debug */ = {
			isa = XCBuildConfiguration;
			buildSettings = {
				GCC_PRECOMPILE_PREFIX_HEADER = YES;
				GCC_PREFIX_HEADER = "GitHubTest/GitHubTest-Prefix.pch";
				INFOPLIST_FILE = "GitHubTest/GitHubTest-Info.plist";
				PRODUCT_NAME = "$(TARGET_NAME)";
				WRAPPER_EXTENSION = app;
			};
			name = Debug;
		};
		C9CB2782144CD00B00AFFAB1 /* Release */ = {
			isa = XCBuildConfiguration;
			buildSettings = {
				GCC_PRECOMPILE_PREFIX_HEADER = YES;
				GCC_PREFIX_HEADER = "GitHubTest/GitHubTest-Prefix.pch";
				INFOPLIST_FILE = "GitHubTest/GitHubTest-Info.plist";
				PRODUCT_NAME = "$(TARGET_NAME)";
				WRAPPER_EXTENSION = app;
			};
			name = Release;
		};
/* End XCBuildConfiguration section */

/* Begin XCConfigurationList section */
		C9CB2759144CD00A00AFFAB1 /* Build configuration list for PBXProject "GitHubTest" */ = {
			isa = XCConfigurationList;
			buildConfigurations = (
				C9CB277E144CD00B00AFFAB1 /* Debug */,
				C9CB277F144CD00B00AFFAB1 /* Release */,
			);
			defaultConfigurationIsVisible = 0;
			defaultConfigurationName = Release;
		};
		C9CB2780144CD00B00AFFAB1 /* Build configuration list for PBXNativeTarget "GitHubTest" */ = {
			isa = XCConfigurationList;
			buildConfigurations = (
				C9CB2781144CD00B00AFFAB1 /* Debug */,
				C9CB2782144CD00B00AFFAB1 /* Release */,
			);
			defaultConfigurationIsVisible = 0;
		};
/* End XCConfigurationList section */
	};
	rootObject = C9CB2756144CD00A00AFFAB1 /* Project object */;
}
